
Microsoft Visual Studio Solution File, Format Version 12.00
# Visual Studio Version 16
VisualStudioVersion = 16.0.30717.126
MinimumVisualStudioVersion = 10.0.40219.1
Project("{FAE04EC0-301F-11D3-BF4B-00C04F79EFBC}") = "BirthdayCalculator", "BirthdayCalculator\BirthdayCalculator.csproj", "{0AFE36E2-DF3C-4EB6-8774-65EE508D4B54}"
EndProject
Global
	GlobalSection(SolutionConfigurationPlatforms) = preSolution
		Debug|Any CPU = Debug|Any CPU
		Release|Any CPU = Release|Any CPU
	EndGlobalSection
	GlobalSection(ProjectConfigurationPlatforms) = postSolution
		{0AFE36E2-DF3C-4EB6-8774-65EE508D4B54}.Debug|Any CPU.ActiveCfg = Debug|Any CPU
		{0AFE36E2-DF3C-4EB6-8774-65EE508D4B54}.Debug|Any CPU.Build.0 = Debug|Any CPU
		{0AFE36E2-DF3C-4EB6-8774-65EE508D4B54}.Release|Any CPU.ActiveCfg = Release|Any CPU
		{0AFE36E2-DF3C-4EB6-8774-65EE508D4B54}.Release|Any CPU.Build.0 = Release|Any CPU
	EndGlobalSection
	GlobalSection(SolutionProperties) = preSolution
		HideSolutionNode = FALSE
	EndGlobalSection
	GlobalSection(ExtensibilityGlobals) = postSolution
		SolutionGuid = {48D2EF39-CF63-4778-AAA3-F0E701A8EE5A}
	EndGlobalSection
EndGlobal
